// !$*UTF8*$!
{
	archiveVersion = 1;
	classes = {
	};
	objectVersion = 55;
	objects = {

/* Begin PBXBuildFile section */
		FA12D95128E7E5AB002D41CC /* BJAppApp.swift in Sources */ = {isa = PBXBuildFile; fileRef = FA12D95028E7E5AB002D41CC /* BJAppApp.swift */; };
		FA12D95328E7E5AB002D41CC /* FoodView.swift in Sources */ = {isa = PBXBuildFile; fileRef = FA12D95228E7E5AB002D41CC /* FoodView.swift */; };
		FA12D95528E7E5AC002D41CC /* Assets.xcassets in Resources */ = {isa = PBXBuildFile; fileRef = FA12D95428E7E5AC002D41CC /* Assets.xcassets */; };
		FA12D95828E7E5AC002D41CC /* Preview Assets.xcassets in Resources */ = {isa = PBXBuildFile; fileRef = FA12D95728E7E5AC002D41CC /* Preview Assets.xcassets */; };
		FA31FD5728EC223000A0633E /* HeaderView.swift in Sources */ = {isa = PBXBuildFile; fileRef = FA31FD5628EC223000A0633E /* HeaderView.swift */; };
		FA31FD5928EC25B500A0633E /* HeaderModel.swift in Sources */ = {isa = PBXBuildFile; fileRef = FA31FD5828EC25B500A0633E /* HeaderModel.swift */; };
		FA31FD5B28EC261300A0633E /* HeaderData.swift in Sources */ = {isa = PBXBuildFile; fileRef = FA31FD5A28EC261300A0633E /* HeaderData.swift */; };
		FA31FD5D28EC271200A0633E /* CookingWayView.swift in Sources */ = {isa = PBXBuildFile; fileRef = FA31FD5C28EC271200A0633E /* CookingWayView.swift */; };
		FA31FD5F28EC2A4900A0633E /* FoodCardView.swift in Sources */ = {isa = PBXBuildFile; fileRef = FA31FD5E28EC2A4900A0633E /* FoodCardView.swift */; };
		FA31FD6128EC2B4800A0633E /* FoodModel.swift in Sources */ = {isa = PBXBuildFile; fileRef = FA31FD6028EC2B4800A0633E /* FoodModel.swift */; };
		FA31FD6328EC2B8200A0633E /* FoodData.swift in Sources */ = {isa = PBXBuildFile; fileRef = FA31FD6228EC2B8200A0633E /* FoodData.swift */; };
		FA31FD6528EC2D3B00A0633E /* SnackBarModel.swift in Sources */ = {isa = PBXBuildFile; fileRef = FA31FD6428EC2D3B00A0633E /* SnackBarModel.swift */; };
		FA31FD6728EC2D7300A0633E /* SnackBarData.swift in Sources */ = {isa = PBXBuildFile; fileRef = FA31FD6628EC2D7300A0633E /* SnackBarData.swift */; };
		FA31FD6928EC2DB900A0633E /* SnackBarCardView.swift in Sources */ = {isa = PBXBuildFile; fileRef = FA31FD6828EC2DB900A0633E /* SnackBarCardView.swift */; };
		FA31FD6B28EC5DC500A0633E /* SnackBarRatingView.swift in Sources */ = {isa = PBXBuildFile; fileRef = FA31FD6A28EC5DC500A0633E /* SnackBarRatingView.swift */; };
		FA31FD6D28EC5E5100A0633E /* SnackBarInfoView.swift in Sources */ = {isa = PBXBuildFile; fileRef = FA31FD6C28EC5E5100A0633E /* SnackBarInfoView.swift */; };
		FA31FD6F28EC5FB500A0633E /* SnackBarDetailView.swift in Sources */ = {isa = PBXBuildFile; fileRef = FA31FD6E28EC5FB500A0633E /* SnackBarDetailView.swift */; };
		FA48C2C428E98D16001691C3 /* Launch Screen.storyboard in Resources */ = {isa = PBXBuildFile; fileRef = FA48C2C328E98D16001691C3 /* Launch Screen.storyboard */; };
		FA48C2CA28EB1BC6001691C3 /* BeijingView.swift in Sources */ = {isa = PBXBuildFile; fileRef = FA48C2C928EB1BC6001691C3 /* BeijingView.swift */; };
		FA48C2CC28EB1BF1001691C3 /* HutongView.swift in Sources */ = {isa = PBXBuildFile; fileRef = FA48C2CB28EB1BF1001691C3 /* HutongView.swift */; };
		FA48C2CE28EB1C11001691C3 /* SettingsView.swift in Sources */ = {isa = PBXBuildFile; fileRef = FA48C2CD28EB1C11001691C3 /* SettingsView.swift */; };
		FA48C2D028EB1E22001691C3 /* AppView.swift in Sources */ = {isa = PBXBuildFile; fileRef = FA48C2CF28EB1E22001691C3 /* AppView.swift */; };
		FA4CCB2128EC6524005CB1AA /* HutongRankingView.swift in Sources */ = {isa = PBXBuildFile; fileRef = FA4CCB2028EC6524005CB1AA /* HutongRankingView.swift */; };
		FA4CCB2328EC6543005CB1AA /* HutongModel.swift in Sources */ = {isa = PBXBuildFile; fileRef = FA4CCB2228EC6543005CB1AA /* HutongModel.swift */; };
		FA4CCB2528EC6558005CB1AA /* HutongData.swift in Sources */ = {isa = PBXBuildFile; fileRef = FA4CCB2428EC6558005CB1AA /* HutongData.swift */; };
/* End PBXBuildFile section */

/* Begin PBXFileReference section */
		FA12D94D28E7E5AB002D41CC /* BJApp.app */ = {isa = PBXFileReference; explicitFileType = wrapper.application; includeInIndex = 0; path = BJApp.app; sourceTree = BUILT_PRODUCTS_DIR; };
		FA12D95028E7E5AB002D41CC /* BJAppApp.swift */ = {isa = PBXFileReference; lastKnownFileType = sourcecode.swift; path = BJAppApp.swift; sourceTree = "<group>"; };
		FA12D95228E7E5AB002D41CC /* FoodView.swift */ = {isa = PBXFileReference; lastKnownFileType = sourcecode.swift; path = FoodView.swift; sourceTree = "<group>"; };
		FA12D95428E7E5AC002D41CC /* Assets.xcassets */ = {isa = PBXFileReference; lastKnownFileType = folder.assetcatalog; path = Assets.xcassets; sourceTree = "<group>"; };
		FA12D95728E7E5AC002D41CC /* Preview Assets.xcassets */ = {isa = PBXFileReference; lastKnownFileType = folder.assetcatalog; path = "Preview Assets.xcassets"; sourceTree = "<group>"; };
		FA31FD5628EC223000A0633E /* HeaderView.swift */ = {isa = PBXFileReference; lastKnownFileType = sourcecode.swift; path = HeaderView.swift; sourceTree = "<group>"; };
		FA31FD5828EC25B500A0633E /* HeaderModel.swift */ = {isa = PBXFileReference; lastKnownFileType = sourcecode.swift; path = HeaderModel.swift; sourceTree = "<group>"; };
		FA31FD5A28EC261300A0633E /* HeaderData.swift */ = {isa = PBXFileReference; lastKnownFileType = sourcecode.swift; path = HeaderData.swift; sourceTree = "<group>"; };
		FA31FD5C28EC271200A0633E /* CookingWayView.swift */ = {isa = PBXFileReference; lastKnownFileType = sourcecode.swift; path = CookingWayView.swift; sourceTree = "<group>"; };
		FA31FD5E28EC2A4900A0633E /* FoodCardView.swift */ = {isa = PBXFileReference; lastKnownFileType = sourcecode.swift; path = FoodCardView.swift; sourceTree = "<group>"; };
		FA31FD6028EC2B4800A0633E /* FoodModel.swift */ = {isa = PBXFileReference; lastKnownFileType = sourcecode.swift; path = FoodModel.swift; sourceTree = "<group>"; };
		FA31FD6228EC2B8200A0633E /* FoodData.swift */ = {isa = PBXFileReference; lastKnownFileType = sourcecode.swift; path = FoodData.swift; sourceTree = "<group>"; };
		FA31FD6428EC2D3B00A0633E /* SnackBarModel.swift */ = {isa = PBXFileReference; lastKnownFileType = sourcecode.swift; path = SnackBarModel.swift; sourceTree = "<group>"; };
		FA31FD6628EC2D7300A0633E /* SnackBarData.swift */ = {isa = PBXFileReference; lastKnownFileType = sourcecode.swift; path = SnackBarData.swift; sourceTree = "<group>"; };
		FA31FD6828EC2DB900A0633E /* SnackBarCardView.swift */ = {isa = PBXFileReference; lastKnownFileType = sourcecode.swift; path = SnackBarCardView.swift; sourceTree = "<group>"; };
		FA31FD6A28EC5DC500A0633E /* SnackBarRatingView.swift */ = {isa = PBXFileReference; lastKnownFileType = sourcecode.swift; path = SnackBarRatingView.swift; sourceTree = "<group>"; };
		FA31FD6C28EC5E5100A0633E /* SnackBarInfoView.swift */ = {isa = PBXFileReference; lastKnownFileType = sourcecode.swift; path = SnackBarInfoView.swift; sourceTree = "<group>"; };
		FA31FD6E28EC5FB500A0633E /* SnackBarDetailView.swift */ = {isa = PBXFileReference; lastKnownFileType = sourcecode.swift; path = SnackBarDetailView.swift; sourceTree = "<group>"; };
		FA48C2C328E98D16001691C3 /* Launch Screen.storyboard */ = {isa = PBXFileReference; lastKnownFileType = file.storyboard; path = "Launch Screen.storyboard"; sourceTree = "<group>"; };
		FA48C2C928EB1BC6001691C3 /* BeijingView.swift */ = {isa = PBXFileReference; lastKnownFileType = sourcecode.swift; path = BeijingView.swift; sourceTree = "<group>"; };
		FA48C2CB28EB1BF1001691C3 /* HutongView.swift */ = {isa = PBXFileReference; lastKnownFileType = sourcecode.swift; path = HutongView.swift; sourceTree = "<group>"; };
		FA48C2CD28EB1C11001691C3 /* SettingsView.swift */ = {isa = PBXFileReference; lastKnownFileType = sourcecode.swift; path = SettingsView.swift; sourceTree = "<group>"; };
		FA48C2CF28EB1E22001691C3 /* AppView.swift */ = {isa = PBXFileReference; lastKnownFileType = sourcecode.swift; path = AppView.swift; sourceTree = "<group>"; };
		FA4CCB2028EC6524005CB1AA /* HutongRankingView.swift */ = {isa = PBXFileReference; lastKnownFileType = sourcecode.swift; path = HutongRankingView.swift; sourceTree = "<group>"; };
		FA4CCB2228EC6543005CB1AA /* HutongModel.swift */ = {isa = PBXFileReference; lastKnownFileType = sourcecode.swift; path = HutongModel.swift; sourceTree = "<group>"; };
		FA4CCB2428EC6558005CB1AA /* HutongData.swift */ = {isa = PBXFileReference; lastKnownFileType = sourcecode.swift; path = HutongData.swift; sourceTree = "<group>"; };
/* End PBXFileReference section */

/* Begin PBXFrameworksBuildPhase section */
		FA12D94A28E7E5AB002D41CC /* Frameworks */ = {
			isa = PBXFrameworksBuildPhase;
			buildActionMask = 2147483647;
			files = (
			);
			runOnlyForDeploymentPostprocessing = 0;
		};
/* End PBXFrameworksBuildPhase section */

/* Begin PBXGroup section */
		FA12D94428E7E5AB002D41CC = {
			isa = PBXGroup;
			children = (
				FA12D94F28E7E5AB002D41CC /* BJApp */,
				FA12D94E28E7E5AB002D41CC /* Products */,
			);
			sourceTree = "<group>";
		};
		FA12D94E28E7E5AB002D41CC /* Products */ = {
			isa = PBXGroup;
			children = (
				FA12D94D28E7E5AB002D41CC /* BJApp.app */,
			);
			name = Products;
			sourceTree = "<group>";
		};
		FA12D94F28E7E5AB002D41CC /* BJApp */ = {
			isa = PBXGroup;
			children = (
				FA48C2C528EB1A99001691C3 /* Data */,
				FA48C2C628EB1ABE001691C3 /* Model */,
				FA48C2C728EB1AD4001691C3 /* View */,
				FA48C2C828EB1AE6001691C3 /* App */,
				FA48C2C328E98D16001691C3 /* Launch Screen.storyboard */,
				FA12D95428E7E5AC002D41CC /* Assets.xcassets */,
				FA12D95628E7E5AC002D41CC /* Preview Content */,
			);
			path = BJApp;
			sourceTree = "<group>";
		};
		FA12D95628E7E5AC002D41CC /* Preview Content */ = {
			isa = PBXGroup;
			children = (
				FA12D95728E7E5AC002D41CC /* Preview Assets.xcassets */,
			);
			path = "Preview Content";
			sourceTree = "<group>";
		};
		FA48C2C528EB1A99001691C3 /* Data */ = {
			isa = PBXGroup;
			children = (
				FA31FD5A28EC261300A0633E /* HeaderData.swift */,
				FA31FD6228EC2B8200A0633E /* FoodData.swift */,
				FA31FD6628EC2D7300A0633E /* SnackBarData.swift */,
				FA4CCB2428EC6558005CB1AA /* HutongData.swift */,
			);
			path = Data;
			sourceTree = "<group>";
		};
		FA48C2C628EB1ABE001691C3 /* Model */ = {
			isa = PBXGroup;
			children = (
				FA31FD5828EC25B500A0633E /* HeaderModel.swift */,
				FA31FD6028EC2B4800A0633E /* FoodModel.swift */,
				FA31FD6428EC2D3B00A0633E /* SnackBarModel.swift */,
				FA4CCB2228EC6543005CB1AA /* HutongModel.swift */,
			);
			path = Model;
			sourceTree = "<group>";
		};
		FA48C2C728EB1AD4001691C3 /* View */ = {
			isa = PBXGroup;
			children = (
				FA31FD5628EC223000A0633E /* HeaderView.swift */,
				FA31FD5C28EC271200A0633E /* CookingWayView.swift */,
				FA31FD5E28EC2A4900A0633E /* FoodCardView.swift */,
				FA31FD6828EC2DB900A0633E /* SnackBarCardView.swift */,
				FA31FD6A28EC5DC500A0633E /* SnackBarRatingView.swift */,
				FA31FD6C28EC5E5100A0633E /* SnackBarInfoView.swift */,
				FA31FD6E28EC5FB500A0633E /* SnackBarDetailView.swift */,
				FA4CCB2028EC6524005CB1AA /* HutongRankingView.swift */,
			);
			path = View;
			sourceTree = "<group>";
		};
		FA48C2C828EB1AE6001691C3 /* App */ = {
			isa = PBXGroup;
			children = (
				FA12D95028E7E5AB002D41CC /* BJAppApp.swift */,
				FA12D95228E7E5AB002D41CC /* FoodView.swift */,
				FA48C2C928EB1BC6001691C3 /* BeijingView.swift */,
				FA48C2CB28EB1BF1001691C3 /* HutongView.swift */,
				FA48C2CD28EB1C11001691C3 /* SettingsView.swift */,
				FA48C2CF28EB1E22001691C3 /* AppView.swift */,
			);
			path = App;
			sourceTree = "<group>";
		};
/* End PBXGroup section */

/* Begin PBXNativeTarget section */
		FA12D94C28E7E5AB002D41CC /* BJApp */ = {
			isa = PBXNativeTarget;
			buildConfigurationList = FA12D95B28E7E5AC002D41CC /* Build configuration list for PBXNativeTarget "BJApp" */;
			buildPhases = (
				FA12D94928E7E5AB002D41CC /* Sources */,
				FA12D94A28E7E5AB002D41CC /* Frameworks */,
				FA12D94B28E7E5AB002D41CC /* Resources */,
			);
			buildRules = (
			);
			dependencies = (
			);
			name = BJApp;
			productName = BJApp;
			productReference = FA12D94D28E7E5AB002D41CC /* BJApp.app */;
			productType = "com.apple.product-type.application";
		};
/* End PBXNativeTarget section */

/* Begin PBXProject section */
		FA12D94528E7E5AB002D41CC /* Project object */ = {
			isa = PBXProject;
			attributes = {
				BuildIndependentTargetsInParallel = 1;
				LastSwiftUpdateCheck = 1340;
				LastUpgradeCheck = 1340;
				TargetAttributes = {
					FA12D94C28E7E5AB002D41CC = {
						CreatedOnToolsVersion = 13.4.1;
					};
				};
			};
			buildConfigurationList = FA12D94828E7E5AB002D41CC /* Build configuration list for PBXProject "BJApp" */;
			compatibilityVersion = "Xcode 13.0";
			developmentRegion = en;
			hasScannedForEncodings = 0;
			knownRegions = (
				en,
				Base,
			);
			mainGroup = FA12D94428E7E5AB002D41CC;
			productRefGroup = FA12D94E28E7E5AB002D41CC /* Products */;
			projectDirPath = "";
			projectRoot = "";
			targets = (
				FA12D94C28E7E5AB002D41CC /* BJApp */,
			);
		};
/* End PBXProject section */

/* Begin PBXResourcesBuildPhase section */
		FA12D94B28E7E5AB002D41CC /* Resources */ = {
			isa = PBXResourcesBuildPhase;
			buildActionMask = 2147483647;
			files = (
				FA48C2C428E98D16001691C3 /* Launch Screen.storyboard in Resources */,
				FA12D95828E7E5AC002D41CC /* Preview Assets.xcassets in Resources */,
				FA12D95528E7E5AC002D41CC /* Assets.xcassets in Resources */,
			);
			runOnlyForDeploymentPostprocessing = 0;
		};
/* End PBXResourcesBuildPhase section */

/* Begin PBXSourcesBuildPhase section */
		FA12D94928E7E5AB002D41CC /* Sources */ = {
			isa = PBXSourcesBuildPhase;
			buildActionMask = 2147483647;
			files = (
				FA31FD5F28EC2A4900A0633E /* FoodCardView.swift in Sources */,
				FA31FD6D28EC5E5100A0633E /* SnackBarInfoView.swift in Sources */,
				FA48C2CE28EB1C11001691C3 /* SettingsView.swift in Sources */,
				FA31FD6728EC2D7300A0633E /* SnackBarData.swift in Sources */,
				FA48C2CA28EB1BC6001691C3 /* BeijingView.swift in Sources */,
				FA31FD6128EC2B4800A0633E /* FoodModel.swift in Sources */,
				FA48C2D028EB1E22001691C3 /* AppView.swift in Sources */,
				FA4CCB2328EC6543005CB1AA /* HutongModel.swift in Sources */,
				FA31FD5D28EC271200A0633E /* CookingWayView.swift in Sources */,
				FA31FD6B28EC5DC500A0633E /* SnackBarRatingView.swift in Sources */,
				FA31FD6328EC2B8200A0633E /* FoodData.swift in Sources */,
				FA12D95328E7E5AB002D41CC /* FoodView.swift in Sources */,
				FA12D95128E7E5AB002D41CC /* BJAppApp.swift in Sources */,
				FA4CCB2128EC6524005CB1AA /* HutongRankingView.swift in Sources */,
				FA4CCB2528EC6558005CB1AA /* HutongData.swift in Sources */,
				FA48C2CC28EB1BF1001691C3 /* HutongView.swift in Sources */,
				FA31FD6928EC2DB900A0633E /* SnackBarCardView.swift in Sources */,
				FA31FD5928EC25B500A0633E /* HeaderModel.swift in Sources */,
				FA31FD5B28EC261300A0633E /* HeaderData.swift in Sources */,
				FA31FD6F28EC5FB500A0633E /* SnackBarDetailView.swift in Sources */,
				FA31FD6528EC2D3B00A0633E /* SnackBarModel.swift in Sources */,
				FA31FD5728EC223000A0633E /* HeaderView.swift in Sources */,
			);
			runOnlyForDeploymentPostprocessing = 0;
		};
/* End PBXSourcesBuildPhase section */

/* Begin XCBuildConfiguration section */
		FA12D95928E7E5AC002D41CC /* Debug */ = {
			isa = XCBuildConfiguration;
			buildSettings = {
				ALWAYS_SEARCH_USER_PATHS = NO;
				CLANG_ANALYZER_NONNULL = YES;
				CLANG_ANALYZER_NUMBER_OBJECT_CONVERSION = YES_AGGRESSIVE;
				CLANG_CXX_LANGUAGE_STANDARD = "gnu++17";
				CLANG_ENABLE_MODULES = YES;
				CLANG_ENABLE_OBJC_ARC = YES;
				CLANG_ENABLE_OBJC_WEAK = YES;
				CLANG_WARN_BLOCK_CAPTURE_AUTORELEASING = YES;
				CLANG_WARN_BOOL_CONVERSION = YES;
				CLANG_WARN_COMMA = YES;
				CLANG_WARN_CONSTANT_CONVERSION = YES;
				CLANG_WARN_DEPRECATED_OBJC_IMPLEMENTATIONS = YES;
				CLANG_WARN_DIRECT_OBJC_ISA_USAGE = YES_ERROR;
				CLANG_WARN_DOCUMENTATION_COMMENTS = YES;
				CLANG_WARN_EMPTY_BODY = YES;
				CLANG_WARN_ENUM_CONVERSION = YES;
				CLANG_WARN_INFINITE_RECURSION = YES;
				CLANG_WARN_INT_CONVERSION = YES;
				CLANG_WARN_NON_LITERAL_NULL_CONVERSION = YES;
				CLANG_WARN_OBJC_IMPLICIT_RETAIN_SELF = YES;
				CLANG_WARN_OBJC_LITERAL_CONVERSION = YES;
				CLANG_WARN_OBJC_ROOT_CLASS = YES_ERROR;
				CLANG_WARN_QUOTED_INCLUDE_IN_FRAMEWORK_HEADER = YES;
				CLANG_WARN_RANGE_LOOP_ANALYSIS = YES;
				CLANG_WARN_STRICT_PROTOTYPES = YES;
				CLANG_WARN_SUSPICIOUS_MOVE = YES;
				CLANG_WARN_UNGUARDED_AVAILABILITY = YES_AGGRESSIVE;
				CLANG_WARN_UNREACHABLE_CODE = YES;
				CLANG_WARN__DUPLICATE_METHOD_MATCH = YES;
				COPY_PHASE_STRIP = NO;
				DEBUG_INFORMATION_FORMAT = dwarf;
				ENABLE_STRICT_OBJC_MSGSEND = YES;
				ENABLE_TESTABILITY = YES;
				GCC_C_LANGUAGE_STANDARD = gnu11;
				GCC_DYNAMIC_NO_PIC = NO;
				GCC_NO_COMMON_BLOCKS = YES;
				GCC_OPTIMIZATION_LEVEL = 0;
				GCC_PREPROCESSOR_DEFINITIONS = (
					"DEBUG=1",
					"$(inherited)",
				);
				GCC_WARN_64_TO_32_BIT_CONVERSION = YES;
				GCC_WARN_ABOUT_RETURN_TYPE = YES_ERROR;
				GCC_WARN_UNDECLARED_SELECTOR = YES;
				GCC_WARN_UNINITIALIZED_AUTOS = YES_AGGRESSIVE;
				GCC_WARN_UNUSED_FUNCTION = YES;
				GCC_WARN_UNUSED_VARIABLE = YES;
				IPHONEOS_DEPLOYMENT_TARGET = 15.5;
				MTL_ENABLE_DEBUG_INFO = INCLUDE_SOURCE;
				MTL_FAST_MATH = YES;
				ONLY_ACTIVE_ARCH = YES;
				SDKROOT = iphoneos;
				SWIFT_ACTIVE_COMPILATION_CONDITIONS = DEBUG;
				SWIFT_OPTIMIZATION_LEVEL = "-Onone";
			};
			name = Debug;
		};
		FA12D95A28E7E5AC002D41CC /* Release */ = {
			isa = XCBuildConfiguration;
			buildSettings = {
				ALWAYS_SEARCH_USER_PATHS = NO;
				CLANG_ANALYZER_NONNULL = YES;
				CLANG_ANALYZER_NUMBER_OBJECT_CONVERSION = YES_AGGRESSIVE;
				CLANG_CXX_LANGUAGE_STANDARD = "gnu++17";
				CLANG_ENABLE_MODULES = YES;
				CLANG_ENABLE_OBJC_ARC = YES;
				CLANG_ENABLE_OBJC_WEAK = YES;
				CLANG_WARN_BLOCK_CAPTURE_AUTORELEASING = YES;
				CLANG_WARN_BOOL_CONVERSION = YES;
				CLANG_WARN_COMMA = YES;
				CLANG_WARN_CONSTANT_CONVERSION = YES;
				CLANG_WARN_DEPRECATED_OBJC_IMPLEMENTATIONS = YES;
				CLANG_WARN_DIRECT_OBJC_ISA_USAGE = YES_ERROR;
				CLANG_WARN_DOCUMENTATION_COMMENTS = YES;
				CLANG_WARN_EMPTY_BODY = YES;
				CLANG_WARN_ENUM_CONVERSION = YES;
				CLANG_WARN_INFINITE_RECURSION = YES;
				CLANG_WARN_INT_CONVERSION = YES;
				CLANG_WARN_NON_LITERAL_NULL_CONVERSION = YES;
				CLANG_WARN_OBJC_IMPLICIT_RETAIN_SELF = YES;
				CLANG_WARN_OBJC_LITERAL_CONVERSION = YES;
				CLANG_WARN_OBJC_ROOT_CLASS = YES_ERROR;
				CLANG_WARN_QUOTED_INCLUDE_IN_FRAMEWORK_HEADER = YES;
				CLANG_WARN_RANGE_LOOP_ANALYSIS = YES;
				CLANG_WARN_STRICT_PROTOTYPES = YES;
				CLANG_WARN_SUSPICIOUS_MOVE = YES;
				CLANG_WARN_UNGUARDED_AVAILABILITY = YES_AGGRESSIVE;
				CLANG_WARN_UNREACHABLE_CODE = YES;
				CLANG_WARN__DUPLICATE_METHOD_MATCH = YES;
				COPY_PHASE_STRIP = NO;
				DEBUG_INFORMATION_FORMAT = "dwarf-with-dsym";
				ENABLE_NS_ASSERTIONS = NO;
				ENABLE_STRICT_OBJC_MSGSEND = YES;
				GCC_C_LANGUAGE_STANDARD = gnu11;
				GCC_NO_COMMON_BLOCKS = YES;
				GCC_WARN_64_TO_32_BIT_CONVERSION = YES;
				GCC_WARN_ABOUT_RETURN_TYPE = YES_ERROR;
				GCC_WARN_UNDECLARED_SELECTOR = YES;
				GCC_WARN_UNINITIALIZED_AUTOS = YES_AGGRESSIVE;
				GCC_WARN_UNUSED_FUNCTION = YES;
				GCC_WARN_UNUSED_VARIABLE = YES;
				IPHONEOS_DEPLOYMENT_TARGET = 15.5;
				MTL_ENABLE_DEBUG_INFO = NO;
				MTL_FAST_MATH = YES;
				SDKROOT = iphoneos;
				SWIFT_COMPILATION_MODE = wholemodule;
				SWIFT_OPTIMIZATION_LEVEL = "-O";
				VALIDATE_PRODUCT = YES;
			};
			name = Release;
		};
		FA12D95C28E7E5AC002D41CC /* Debug */ = {
			isa = XCBuildConfiguration;
			buildSettings = {
				ASSETCATALOG_COMPILER_APPICON_NAME = AppIcon;
				ASSETCATALOG_COMPILER_GLOBAL_ACCENT_COLOR_NAME = AccentColor;
				CODE_SIGN_STYLE = Automatic;
				CURRENT_PROJECT_VERSION = 1;
				DEVELOPMENT_ASSET_PATHS = "\"BJApp/Preview Content\"";
				DEVELOPMENT_TEAM = DW2V8GYWZB;
				ENABLE_PREVIEWS = YES;
				GENERATE_INFOPLIST_FILE = YES;
				INFOPLIST_KEY_UIApplicationSceneManifest_Generation = YES;
				INFOPLIST_KEY_UIApplicationSupportsIndirectInputEvents = YES;
				INFOPLIST_KEY_UILaunchScreen_Generation = YES;
				INFOPLIST_KEY_UILaunchStoryboardName = "Launch Screen";
				INFOPLIST_KEY_UISupportedInterfaceOrientations = UIInterfaceOrientationPortrait;
				INFOPLIST_KEY_UISupportedInterfaceOrientations_iPad = "UIInterfaceOrientationPortrait UIInterfaceOrientationPortraitUpsideDown UIInterfaceOrientationLandscapeLeft UIInterfaceOrientationLandscapeRight";
				INFOPLIST_KEY_UISupportedInterfaceOrientations_iPhone = "UIInterfaceOrientationPortrait UIInterfaceOrientationLandscapeLeft UIInterfaceOrientationLandscapeRight";
				LD_RUNPATH_SEARCH_PATHS = (
					"$(inherited)",
					"@executable_path/Frameworks",
				);
				MARKETING_VERSION = 1.0;
				PRODUCT_BUNDLE_IDENTIFIER = com.alex.BJApp;
				PRODUCT_NAME = "$(TARGET_NAME)";
				SWIFT_EMIT_LOC_STRINGS = YES;
				SWIFT_VERSION = 5.0;
				TARGETED_DEVICE_FAMILY = "1,2";
			};
			name = Debug;
		};
		FA12D95D28E7E5AC002D41CC /* Release */ = {
			isa = XCBuildConfiguration;
			buildSettings = {
				ASSETCATALOG_COMPILER_APPICON_NAME = AppIcon;
				ASSETCATALOG_COMPILER_GLOBAL_ACCENT_COLOR_NAME = AccentColor;
				CODE_SIGN_STYLE = Automatic;
				CURRENT_PROJECT_VERSION = 1;
				DEVELOPMENT_ASSET_PATHS = "\"BJApp/Preview Content\"";
				DEVELOPMENT_TEAM = DW2V8GYWZB;
				ENABLE_PREVIEWS = YES;
				GENERATE_INFOPLIST_FILE = YES;
				INFOPLIST_KEY_UIApplicationSceneManifest_Generation = YES;
				INFOPLIST_KEY_UIApplicationSupportsIndirectInputEvents = YES;
				INFOPLIST_KEY_UILaunchScreen_Generation = YES;
				INFOPLIST_KEY_UILaunchStoryboardName = "Launch Screen";
				INFOPLIST_KEY_UISupportedInterfaceOrientations = UIInterfaceOrientationPortrait;
				INFOPLIST_KEY_UISupportedInterfaceOrientations_iPad = "UIInterfaceOrientationPortrait UIInterfaceOrientationPortraitUpsideDown UIInterfaceOrientationLandscapeLeft UIInterfaceOrientationLandscapeRight";
				INFOPLIST_KEY_UISupportedInterfaceOrientations_iPhone = "UIInterfaceOrientationPortrait UIInterfaceOrientationLandscapeLeft UIInterfaceOrientationLandscapeRight";
				LD_RUNPATH_SEARCH_PATHS = (
					"$(inherited)",
					"@executable_path/Frameworks",
				);
				MARKETING_VERSION = 1.0;
				PRODUCT_BUNDLE_IDENTIFIER = com.alex.BJApp;
				PRODUCT_NAME = "$(TARGET_NAME)";
				SWIFT_EMIT_LOC_STRINGS = YES;
				SWIFT_VERSION = 5.0;
				TARGETED_DEVICE_FAMILY = "1,2";
			};
			name = Release;
		};
/* End XCBuildConfiguration section */

/* Begin XCConfigurationList section */
		FA12D94828E7E5AB002D41CC /* Build configuration list for PBXProject "BJApp" */ = {
			isa = XCConfigurationList;
			buildConfigurations = (
				FA12D95928E7E5AC002D41CC /* Debug */,
				FA12D95A28E7E5AC002D41CC /* Release */,
			);
			defaultConfigurationIsVisible = 0;
			defaultConfigurationName = Release;
		};
		FA12D95B28E7E5AC002D41CC /* Build configuration list for PBXNativeTarget "BJApp" */ = {
			isa = XCConfigurationList;
			buildConfigurations = (
				FA12D95C28E7E5AC002D41CC /* Debug */,
				FA12D95D28E7E5AC002D41CC /* Release */,
			);
			defaultConfigurationIsVisible = 0;
			defaultConfigurationName = Release;
		};
/* End XCConfigurationList section */
	};
	rootObject = FA12D94528E7E5AB002D41CC /* Project object */;
}
