// !$*UTF8*$!
{
	archiveVersion = 1;
	classes = {
	};
	objectVersion = 55;
	objects = {

/* Begin PBXBuildFile section */
		FA35F808290230B00067E6BD /* TinderApp.swift in Sources */ = {isa = PBXBuildFile; fileRef = FA35F807290230B00067E6BD /* TinderApp.swift */; };
		FA35F80A290230B00067E6BD /* ContentView.swift in Sources */ = {isa = PBXBuildFile; fileRef = FA35F809290230B00067E6BD /* ContentView.swift */; };
		FA35F80C290230B10067E6BD /* Assets.xcassets in Resources */ = {isa = PBXBuildFile; fileRef = FA35F80B290230B10067E6BD /* Assets.xcassets */; };
		FA35F80F290230B10067E6BD /* Preview Assets.xcassets in Resources */ = {isa = PBXBuildFile; fileRef = FA35F80E290230B10067E6BD /* Preview Assets.xcassets */; };
		FA35F8172902317E0067E6BD /* Trip.swift in Sources */ = {isa = PBXBuildFile; fileRef = FA35F8162902317E0067E6BD /* Trip.swift */; };
		FA35F81B290232150067E6BD /* CardView.swift in Sources */ = {isa = PBXBuildFile; fileRef = FA35F81A290232150067E6BD /* CardView.swift */; };
		FA35F81D290233C80067E6BD /* TopBarMenu.swift in Sources */ = {isa = PBXBuildFile; fileRef = FA35F81C290233C80067E6BD /* TopBarMenu.swift */; };
		FA35F81F2902340B0067E6BD /* BottomBarMenu.swift in Sources */ = {isa = PBXBuildFile; fileRef = FA35F81E2902340B0067E6BD /* BottomBarMenu.swift */; };
		FA35F822290239440067E6BD /* DragState.swift in Sources */ = {isa = PBXBuildFile; fileRef = FA35F821290239440067E6BD /* DragState.swift */; };
		FA35F825290241FD0067E6BD /* AnyTransition.swift in Sources */ = {isa = PBXBuildFile; fileRef = FA35F824290241FD0067E6BD /* AnyTransition.swift */; };
/* End PBXBuildFile section */

/* Begin PBXFileReference section */
		FA35F804290230B00067E6BD /* Tinder.app */ = {isa = PBXFileReference; explicitFileType = wrapper.application; includeInIndex = 0; path = Tinder.app; sourceTree = BUILT_PRODUCTS_DIR; };
		FA35F807290230B00067E6BD /* TinderApp.swift */ = {isa = PBXFileReference; lastKnownFileType = sourcecode.swift; path = TinderApp.swift; sourceTree = "<group>"; };
		FA35F809290230B00067E6BD /* ContentView.swift */ = {isa = PBXFileReference; lastKnownFileType = sourcecode.swift; path = ContentView.swift; sourceTree = "<group>"; };
		FA35F80B290230B10067E6BD /* Assets.xcassets */ = {isa = PBXFileReference; lastKnownFileType = folder.assetcatalog; path = Assets.xcassets; sourceTree = "<group>"; };
		FA35F80E290230B10067E6BD /* Preview Assets.xcassets */ = {isa = PBXFileReference; lastKnownFileType = folder.assetcatalog; path = "Preview Assets.xcassets"; sourceTree = "<group>"; };
		FA35F8162902317E0067E6BD /* Trip.swift */ = {isa = PBXFileReference; lastKnownFileType = sourcecode.swift; path = Trip.swift; sourceTree = "<group>"; };
		FA35F81A290232150067E6BD /* CardView.swift */ = {isa = PBXFileReference; lastKnownFileType = sourcecode.swift; path = CardView.swift; sourceTree = "<group>"; };
		FA35F81C290233C80067E6BD /* TopBarMenu.swift */ = {isa = PBXFileReference; lastKnownFileType = sourcecode.swift; path = TopBarMenu.swift; sourceTree = "<group>"; };
		FA35F81E2902340B0067E6BD /* BottomBarMenu.swift */ = {isa = PBXFileReference; lastKnownFileType = sourcecode.swift; path = BottomBarMenu.swift; sourceTree = "<group>"; };
		FA35F821290239440067E6BD /* DragState.swift */ = {isa = PBXFileReference; lastKnownFileType = sourcecode.swift; path = DragState.swift; sourceTree = "<group>"; };
		FA35F824290241FD0067E6BD /* AnyTransition.swift */ = {isa = PBXFileReference; lastKnownFileType = sourcecode.swift; path = AnyTransition.swift; sourceTree = "<group>"; };
/* End PBXFileReference section */

/* Begin PBXFrameworksBuildPhase section */
		FA35F801290230B00067E6BD /* Frameworks */ = {
			isa = PBXFrameworksBuildPhase;
			buildActionMask = 2147483647;
			files = (
			);
			runOnlyForDeploymentPostprocessing = 0;
		};
/* End PBXFrameworksBuildPhase section */

/* Begin PBXGroup section */
		FA35F7FB290230B00067E6BD = {
			isa = PBXGroup;
			children = (
				FA35F806290230B00067E6BD /* Tinder */,
				FA35F805290230B00067E6BD /* Products */,
			);
			sourceTree = "<group>";
		};
		FA35F805290230B00067E6BD /* Products */ = {
			isa = PBXGroup;
			children = (
				FA35F804290230B00067E6BD /* Tinder.app */,
			);
			name = Products;
			sourceTree = "<group>";
		};
		FA35F806290230B00067E6BD /* Tinder */ = {
			isa = PBXGroup;
			children = (
				FA35F823290241E80067E6BD /* Extention */,
				FA35F820290239360067E6BD /* State */,
				FA35F815290231740067E6BD /* Model */,
				FA35F818290231F80067E6BD /* View */,
				FA35F819290232050067E6BD /* App */,
				FA35F80B290230B10067E6BD /* Assets.xcassets */,
				FA35F80D290230B10067E6BD /* Preview Content */,
			);
			path = Tinder;
			sourceTree = "<group>";
		};
		FA35F80D290230B10067E6BD /* Preview Content */ = {
			isa = PBXGroup;
			children = (
				FA35F80E290230B10067E6BD /* Preview Assets.xcassets */,
			);
			path = "Preview Content";
			sourceTree = "<group>";
		};
		FA35F815290231740067E6BD /* Model */ = {
			isa = PBXGroup;
			children = (
				FA35F8162902317E0067E6BD /* Trip.swift */,
			);
			path = Model;
			sourceTree = "<group>";
		};
		FA35F818290231F80067E6BD /* View */ = {
			isa = PBXGroup;
			children = (
				FA35F81A290232150067E6BD /* CardView.swift */,
				FA35F81C290233C80067E6BD /* TopBarMenu.swift */,
				FA35F81E2902340B0067E6BD /* BottomBarMenu.swift */,
			);
			path = View;
			sourceTree = "<group>";
		};
		FA35F819290232050067E6BD /* App */ = {
			isa = PBXGroup;
			children = (
				FA35F807290230B00067E6BD /* TinderApp.swift */,
				FA35F809290230B00067E6BD /* ContentView.swift */,
			);
			path = App;
			sourceTree = "<group>";
		};
		FA35F820290239360067E6BD /* State */ = {
			isa = PBXGroup;
			children = (
				FA35F821290239440067E6BD /* DragState.swift */,
			);
			path = State;
			sourceTree = "<group>";
		};
		FA35F823290241E80067E6BD /* Extention */ = {
			isa = PBXGroup;
			children = (
				FA35F824290241FD0067E6BD /* AnyTransition.swift */,
			);
			path = Extention;
			sourceTree = "<group>";
		};
/* End PBXGroup section */

/* Begin PBXNativeTarget section */
		FA35F803290230B00067E6BD /* Tinder */ = {
			isa = PBXNativeTarget;
			buildConfigurationList = FA35F812290230B10067E6BD /* Build configuration list for PBXNativeTarget "Tinder" */;
			buildPhases = (
				FA35F800290230B00067E6BD /* Sources */,
				FA35F801290230B00067E6BD /* Frameworks */,
				FA35F802290230B00067E6BD /* Resources */,
			);
			buildRules = (
			);
			dependencies = (
			);
			name = Tinder;
			productName = Tinder;
			productReference = FA35F804290230B00067E6BD /* Tinder.app */;
			productType = "com.apple.product-type.application";
		};
/* End PBXNativeTarget section */

/* Begin PBXProject section */
		FA35F7FC290230B00067E6BD /* Project object */ = {
			isa = PBXProject;
			attributes = {
				BuildIndependentTargetsInParallel = 1;
				LastSwiftUpdateCheck = 1340;
				LastUpgradeCheck = 1340;
				TargetAttributes = {
					FA35F803290230B00067E6BD = {
						CreatedOnToolsVersion = 13.4.1;
					};
				};
			};
			buildConfigurationList = FA35F7FF290230B00067E6BD /* Build configuration list for PBXProject "Tinder" */;
			compatibilityVersion = "Xcode 13.0";
			developmentRegion = en;
			hasScannedForEncodings = 0;
			knownRegions = (
				en,
				Base,
			);
			mainGroup = FA35F7FB290230B00067E6BD;
			productRefGroup = FA35F805290230B00067E6BD /* Products */;
			projectDirPath = "";
			projectRoot = "";
			targets = (
				FA35F803290230B00067E6BD /* Tinder */,
			);
		};
/* End PBXProject section */

/* Begin PBXResourcesBuildPhase section */
		FA35F802290230B00067E6BD /* Resources */ = {
			isa = PBXResourcesBuildPhase;
			buildActionMask = 2147483647;
			files = (
				FA35F80F290230B10067E6BD /* Preview Assets.xcassets in Resources */,
				FA35F80C290230B10067E6BD /* Assets.xcassets in Resources */,
			);
			runOnlyForDeploymentPostprocessing = 0;
		};
/* End PBXResourcesBuildPhase section */

/* Begin PBXSourcesBuildPhase section */
		FA35F800290230B00067E6BD /* Sources */ = {
			isa = PBXSourcesBuildPhase;
			buildActionMask = 2147483647;
			files = (
				FA35F822290239440067E6BD /* DragState.swift in Sources */,
				FA35F8172902317E0067E6BD /* Trip.swift in Sources */,
				FA35F80A290230B00067E6BD /* ContentView.swift in Sources */,
				FA35F81B290232150067E6BD /* CardView.swift in Sources */,
				FA35F81F2902340B0067E6BD /* BottomBarMenu.swift in Sources */,
				FA35F81D290233C80067E6BD /* TopBarMenu.swift in Sources */,
				FA35F825290241FD0067E6BD /* AnyTransition.swift in Sources */,
				FA35F808290230B00067E6BD /* TinderApp.swift in Sources */,
			);
			runOnlyForDeploymentPostprocessing = 0;
		};
/* End PBXSourcesBuildPhase section */

/* Begin XCBuildConfiguration section */
		FA35F810290230B10067E6BD /* Debug */ = {
			isa = XCBuildConfiguration;
			buildSettings = {
				ALWAYS_SEARCH_USER_PATHS = NO;
				CLANG_ANALYZER_NONNULL = YES;
				CLANG_ANALYZER_NUMBER_OBJECT_CONVERSION = YES_AGGRESSIVE;
				CLANG_CXX_LANGUAGE_STANDARD = "gnu++17";
				CLANG_ENABLE_MODULES = YES;
				CLANG_ENABLE_OBJC_ARC = YES;
				CLANG_ENABLE_OBJC_WEAK = YES;
				CLANG_WARN_BLOCK_CAPTURE_AUTORELEASING = YES;
				CLANG_WARN_BOOL_CONVERSION = YES;
				CLANG_WARN_COMMA = YES;
				CLANG_WARN_CONSTANT_CONVERSION = YES;
				CLANG_WARN_DEPRECATED_OBJC_IMPLEMENTATIONS = YES;
				CLANG_WARN_DIRECT_OBJC_ISA_USAGE = YES_ERROR;
				CLANG_WARN_DOCUMENTATION_COMMENTS = YES;
				CLANG_WARN_EMPTY_BODY = YES;
				CLANG_WARN_ENUM_CONVERSION = YES;
				CLANG_WARN_INFINITE_RECURSION = YES;
				CLANG_WARN_INT_CONVERSION = YES;
				CLANG_WARN_NON_LITERAL_NULL_CONVERSION = YES;
				CLANG_WARN_OBJC_IMPLICIT_RETAIN_SELF = YES;
				CLANG_WARN_OBJC_LITERAL_CONVERSION = YES;
				CLANG_WARN_OBJC_ROOT_CLASS = YES_ERROR;
				CLANG_WARN_QUOTED_INCLUDE_IN_FRAMEWORK_HEADER = YES;
				CLANG_WARN_RANGE_LOOP_ANALYSIS = YES;
				CLANG_WARN_STRICT_PROTOTYPES = YES;
				CLANG_WARN_SUSPICIOUS_MOVE = YES;
				CLANG_WARN_UNGUARDED_AVAILABILITY = YES_AGGRESSIVE;
				CLANG_WARN_UNREACHABLE_CODE = YES;
				CLANG_WARN__DUPLICATE_METHOD_MATCH = YES;
				COPY_PHASE_STRIP = NO;
				DEBUG_INFORMATION_FORMAT = dwarf;
				ENABLE_STRICT_OBJC_MSGSEND = YES;
				ENABLE_TESTABILITY = YES;
				GCC_C_LANGUAGE_STANDARD = gnu11;
				GCC_DYNAMIC_NO_PIC = NO;
				GCC_NO_COMMON_BLOCKS = YES;
				GCC_OPTIMIZATION_LEVEL = 0;
				GCC_PREPROCESSOR_DEFINITIONS = (
					"DEBUG=1",
					"$(inherited)",
				);
				GCC_WARN_64_TO_32_BIT_CONVERSION = YES;
				GCC_WARN_ABOUT_RETURN_TYPE = YES_ERROR;
				GCC_WARN_UNDECLARED_SELECTOR = YES;
				GCC_WARN_UNINITIALIZED_AUTOS = YES_AGGRESSIVE;
				GCC_WARN_UNUSED_FUNCTION = YES;
				GCC_WARN_UNUSED_VARIABLE = YES;
				IPHONEOS_DEPLOYMENT_TARGET = 15.5;
				MTL_ENABLE_DEBUG_INFO = INCLUDE_SOURCE;
				MTL_FAST_MATH = YES;
				ONLY_ACTIVE_ARCH = YES;
				SDKROOT = iphoneos;
				SWIFT_ACTIVE_COMPILATION_CONDITIONS = DEBUG;
				SWIFT_OPTIMIZATION_LEVEL = "-Onone";
			};
			name = Debug;
		};
		FA35F811290230B10067E6BD /* Release */ = {
			isa = XCBuildConfiguration;
			buildSettings = {
				ALWAYS_SEARCH_USER_PATHS = NO;
				CLANG_ANALYZER_NONNULL = YES;
				CLANG_ANALYZER_NUMBER_OBJECT_CONVERSION = YES_AGGRESSIVE;
				CLANG_CXX_LANGUAGE_STANDARD = "gnu++17";
				CLANG_ENABLE_MODULES = YES;
				CLANG_ENABLE_OBJC_ARC = YES;
				CLANG_ENABLE_OBJC_WEAK = YES;
				CLANG_WARN_BLOCK_CAPTURE_AUTORELEASING = YES;
				CLANG_WARN_BOOL_CONVERSION = YES;
				CLANG_WARN_COMMA = YES;
				CLANG_WARN_CONSTANT_CONVERSION = YES;
				CLANG_WARN_DEPRECATED_OBJC_IMPLEMENTATIONS = YES;
				CLANG_WARN_DIRECT_OBJC_ISA_USAGE = YES_ERROR;
				CLANG_WARN_DOCUMENTATION_COMMENTS = YES;
				CLANG_WARN_EMPTY_BODY = YES;
				CLANG_WARN_ENUM_CONVERSION = YES;
				CLANG_WARN_INFINITE_RECURSION = YES;
				CLANG_WARN_INT_CONVERSION = YES;
				CLANG_WARN_NON_LITERAL_NULL_CONVERSION = YES;
				CLANG_WARN_OBJC_IMPLICIT_RETAIN_SELF = YES;
				CLANG_WARN_OBJC_LITERAL_CONVERSION = YES;
				CLANG_WARN_OBJC_ROOT_CLASS = YES_ERROR;
				CLANG_WARN_QUOTED_INCLUDE_IN_FRAMEWORK_HEADER = YES;
				CLANG_WARN_RANGE_LOOP_ANALYSIS = YES;
				CLANG_WARN_STRICT_PROTOTYPES = YES;
				CLANG_WARN_SUSPICIOUS_MOVE = YES;
				CLANG_WARN_UNGUARDED_AVAILABILITY = YES_AGGRESSIVE;
				CLANG_WARN_UNREACHABLE_CODE = YES;
				CLANG_WARN__DUPLICATE_METHOD_MATCH = YES;
				COPY_PHASE_STRIP = NO;
				DEBUG_INFORMATION_FORMAT = "dwarf-with-dsym";
				ENABLE_NS_ASSERTIONS = NO;
				ENABLE_STRICT_OBJC_MSGSEND = YES;
				GCC_C_LANGUAGE_STANDARD = gnu11;
				GCC_NO_COMMON_BLOCKS = YES;
				GCC_WARN_64_TO_32_BIT_CONVERSION = YES;
				GCC_WARN_ABOUT_RETURN_TYPE = YES_ERROR;
				GCC_WARN_UNDECLARED_SELECTOR = YES;
				GCC_WARN_UNINITIALIZED_AUTOS = YES_AGGRESSIVE;
				GCC_WARN_UNUSED_FUNCTION = YES;
				GCC_WARN_UNUSED_VARIABLE = YES;
				IPHONEOS_DEPLOYMENT_TARGET = 15.5;
				MTL_ENABLE_DEBUG_INFO = NO;
				MTL_FAST_MATH = YES;
				SDKROOT = iphoneos;
				SWIFT_COMPILATION_MODE = wholemodule;
				SWIFT_OPTIMIZATION_LEVEL = "-O";
				VALIDATE_PRODUCT = YES;
			};
			name = Release;
		};
		FA35F813290230B10067E6BD /* Debug */ = {
			isa = XCBuildConfiguration;
			buildSettings = {
				ASSETCATALOG_COMPILER_APPICON_NAME = AppIcon;
				ASSETCATALOG_COMPILER_GLOBAL_ACCENT_COLOR_NAME = AccentColor;
				CODE_SIGN_STYLE = Automatic;
				CURRENT_PROJECT_VERSION = 1;
				DEVELOPMENT_ASSET_PATHS = "\"Tinder/Preview Content\"";
				DEVELOPMENT_TEAM = DW2V8GYWZB;
				ENABLE_PREVIEWS = YES;
				GENERATE_INFOPLIST_FILE = YES;
				INFOPLIST_KEY_UIApplicationSceneManifest_Generation = YES;
				INFOPLIST_KEY_UIApplicationSupportsIndirectInputEvents = YES;
				INFOPLIST_KEY_UILaunchScreen_Generation = YES;
				INFOPLIST_KEY_UISupportedInterfaceOrientations_iPad = "UIInterfaceOrientationPortrait UIInterfaceOrientationPortraitUpsideDown UIInterfaceOrientationLandscapeLeft UIInterfaceOrientationLandscapeRight";
				INFOPLIST_KEY_UISupportedInterfaceOrientations_iPhone = "UIInterfaceOrientationPortrait UIInterfaceOrientationLandscapeLeft UIInterfaceOrientationLandscapeRight";
				LD_RUNPATH_SEARCH_PATHS = (
					"$(inherited)",
					"@executable_path/Frameworks",
				);
				MARKETING_VERSION = 1.0;
				PRODUCT_BUNDLE_IDENTIFIER = com.alex.Tinder;
				PRODUCT_NAME = "$(TARGET_NAME)";
				SWIFT_EMIT_LOC_STRINGS = YES;
				SWIFT_VERSION = 5.0;
				TARGETED_DEVICE_FAMILY = "1,2";
			};
			name = Debug;
		};
		FA35F814290230B10067E6BD /* Release */ = {
			isa = XCBuildConfiguration;
			buildSettings = {
				ASSETCATALOG_COMPILER_APPICON_NAME = AppIcon;
				ASSETCATALOG_COMPILER_GLOBAL_ACCENT_COLOR_NAME = AccentColor;
				CODE_SIGN_STYLE = Automatic;
				CURRENT_PROJECT_VERSION = 1;
				DEVELOPMENT_ASSET_PATHS = "\"Tinder/Preview Content\"";
				DEVELOPMENT_TEAM = DW2V8GYWZB;
				ENABLE_PREVIEWS = YES;
				GENERATE_INFOPLIST_FILE = YES;
				INFOPLIST_KEY_UIApplicationSceneManifest_Generation = YES;
				INFOPLIST_KEY_UIApplicationSupportsIndirectInputEvents = YES;
				INFOPLIST_KEY_UILaunchScreen_Generation = YES;
				INFOPLIST_KEY_UISupportedInterfaceOrientations_iPad = "UIInterfaceOrientationPortrait UIInterfaceOrientationPortraitUpsideDown UIInterfaceOrientationLandscapeLeft UIInterfaceOrientationLandscapeRight";
				INFOPLIST_KEY_UISupportedInterfaceOrientations_iPhone = "UIInterfaceOrientationPortrait UIInterfaceOrientationLandscapeLeft UIInterfaceOrientationLandscapeRight";
				LD_RUNPATH_SEARCH_PATHS = (
					"$(inherited)",
					"@executable_path/Frameworks",
				);
				MARKETING_VERSION = 1.0;
				PRODUCT_BUNDLE_IDENTIFIER = com.alex.Tinder;
				PRODUCT_NAME = "$(TARGET_NAME)";
				SWIFT_EMIT_LOC_STRINGS = YES;
				SWIFT_VERSION = 5.0;
				TARGETED_DEVICE_FAMILY = "1,2";
			};
			name = Release;
		};
/* End XCBuildConfiguration section */

/* Begin XCConfigurationList section */
		FA35F7FF290230B00067E6BD /* Build configuration list for PBXProject "Tinder" */ = {
			isa = XCConfigurationList;
			buildConfigurations = (
				FA35F810290230B10067E6BD /* Debug */,
				FA35F811290230B10067E6BD /* Release */,
			);
			defaultConfigurationIsVisible = 0;
			defaultConfigurationName = Release;
		};
		FA35F812290230B10067E6BD /* Build configuration list for PBXNativeTarget "Tinder" */ = {
			isa = XCConfigurationList;
			buildConfigurations = (
				FA35F813290230B10067E6BD /* Debug */,
				FA35F814290230B10067E6BD /* Release */,
			);
			defaultConfigurationIsVisible = 0;
			defaultConfigurationName = Release;
		};
/* End XCConfigurationList section */
	};
	rootObject = FA35F7FC290230B00067E6BD /* Project object */;
}
