// !$*UTF8*$!
{
	archiveVersion = 1;
	classes = {
	};
	objectVersion = 55;
	objects = {

/* Begin PBXBuildFile section */
		FA8BD45C290E095A00DF4204 /* ProgressRing2App.swift in Sources */ = {isa = PBXBuildFile; fileRef = FA8BD45B290E095A00DF4204 /* ProgressRing2App.swift */; };
		FA8BD45E290E095A00DF4204 /* ContentView.swift in Sources */ = {isa = PBXBuildFile; fileRef = FA8BD45D290E095A00DF4204 /* ContentView.swift */; };
		FA8BD460290E095C00DF4204 /* Assets.xcassets in Resources */ = {isa = PBXBuildFile; fileRef = FA8BD45F290E095C00DF4204 /* Assets.xcassets */; };
		FA8BD463290E095C00DF4204 /* Preview Assets.xcassets in Resources */ = {isa = PBXBuildFile; fileRef = FA8BD462290E095C00DF4204 /* Preview Assets.xcassets */; };
		FA8BD46B290E09C900DF4204 /* Color+Ext.swift in Sources */ = {isa = PBXBuildFile; fileRef = FA8BD46A290E09C900DF4204 /* Color+Ext.swift */; };
		FA8BD46F290E0AA600DF4204 /* ProgressRingView.swift in Sources */ = {isa = PBXBuildFile; fileRef = FA8BD46E290E0AA600DF4204 /* ProgressRingView.swift */; };
		FA8BD471290E0B6E00DF4204 /* RingShape.swift in Sources */ = {isa = PBXBuildFile; fileRef = FA8BD470290E0B6E00DF4204 /* RingShape.swift */; };
		FA8BD473290E158C00DF4204 /* RingTip.swift in Sources */ = {isa = PBXBuildFile; fileRef = FA8BD472290E158C00DF4204 /* RingTip.swift */; };
		FAC046FC290E19FC00C45E7B /* ProgressTextModifier.swift in Sources */ = {isa = PBXBuildFile; fileRef = FAC046FB290E19FC00C45E7B /* ProgressTextModifier.swift */; };
/* End PBXBuildFile section */

/* Begin PBXFileReference section */
		FA8BD458290E095A00DF4204 /* ProgressRing2.app */ = {isa = PBXFileReference; explicitFileType = wrapper.application; includeInIndex = 0; path = ProgressRing2.app; sourceTree = BUILT_PRODUCTS_DIR; };
		FA8BD45B290E095A00DF4204 /* ProgressRing2App.swift */ = {isa = PBXFileReference; lastKnownFileType = sourcecode.swift; path = ProgressRing2App.swift; sourceTree = "<group>"; };
		FA8BD45D290E095A00DF4204 /* ContentView.swift */ = {isa = PBXFileReference; lastKnownFileType = sourcecode.swift; path = ContentView.swift; sourceTree = "<group>"; };
		FA8BD45F290E095C00DF4204 /* Assets.xcassets */ = {isa = PBXFileReference; lastKnownFileType = folder.assetcatalog; path = Assets.xcassets; sourceTree = "<group>"; };
		FA8BD462290E095C00DF4204 /* Preview Assets.xcassets */ = {isa = PBXFileReference; lastKnownFileType = folder.assetcatalog; path = "Preview Assets.xcassets"; sourceTree = "<group>"; };
		FA8BD46A290E09C900DF4204 /* Color+Ext.swift */ = {isa = PBXFileReference; lastKnownFileType = sourcecode.swift; path = "Color+Ext.swift"; sourceTree = "<group>"; };
		FA8BD46E290E0AA600DF4204 /* ProgressRingView.swift */ = {isa = PBXFileReference; lastKnownFileType = sourcecode.swift; path = ProgressRingView.swift; sourceTree = "<group>"; };
		FA8BD470290E0B6E00DF4204 /* RingShape.swift */ = {isa = PBXFileReference; lastKnownFileType = sourcecode.swift; path = RingShape.swift; sourceTree = "<group>"; };
		FA8BD472290E158C00DF4204 /* RingTip.swift */ = {isa = PBXFileReference; lastKnownFileType = sourcecode.swift; path = RingTip.swift; sourceTree = "<group>"; };
		FAC046FB290E19FC00C45E7B /* ProgressTextModifier.swift */ = {isa = PBXFileReference; lastKnownFileType = sourcecode.swift; path = ProgressTextModifier.swift; sourceTree = "<group>"; };
/* End PBXFileReference section */

/* Begin PBXFrameworksBuildPhase section */
		FA8BD455290E095A00DF4204 /* Frameworks */ = {
			isa = PBXFrameworksBuildPhase;
			buildActionMask = 2147483647;
			files = (
			);
			runOnlyForDeploymentPostprocessing = 0;
		};
/* End PBXFrameworksBuildPhase section */

/* Begin PBXGroup section */
		FA8BD44F290E095A00DF4204 = {
			isa = PBXGroup;
			children = (
				FA8BD45A290E095A00DF4204 /* ProgressRing2 */,
				FA8BD459290E095A00DF4204 /* Products */,
			);
			sourceTree = "<group>";
		};
		FA8BD459290E095A00DF4204 /* Products */ = {
			isa = PBXGroup;
			children = (
				FA8BD458290E095A00DF4204 /* ProgressRing2.app */,
			);
			name = Products;
			sourceTree = "<group>";
		};
		FA8BD45A290E095A00DF4204 /* ProgressRing2 */ = {
			isa = PBXGroup;
			children = (
				FA8BD469290E09BC00DF4204 /* Extentions */,
				FA8BD46D290E0A9800DF4204 /* App */,
				FA8BD46C290E0A8D00DF4204 /* View */,
				FA8BD45F290E095C00DF4204 /* Assets.xcassets */,
				FA8BD461290E095C00DF4204 /* Preview Content */,
			);
			path = ProgressRing2;
			sourceTree = "<group>";
		};
		FA8BD461290E095C00DF4204 /* Preview Content */ = {
			isa = PBXGroup;
			children = (
				FA8BD462290E095C00DF4204 /* Preview Assets.xcassets */,
			);
			path = "Preview Content";
			sourceTree = "<group>";
		};
		FA8BD469290E09BC00DF4204 /* Extentions */ = {
			isa = PBXGroup;
			children = (
				FA8BD46A290E09C900DF4204 /* Color+Ext.swift */,
			);
			path = Extentions;
			sourceTree = "<group>";
		};
		FA8BD46C290E0A8D00DF4204 /* View */ = {
			isa = PBXGroup;
			children = (
				FA8BD46E290E0AA600DF4204 /* ProgressRingView.swift */,
				FA8BD470290E0B6E00DF4204 /* RingShape.swift */,
				FA8BD472290E158C00DF4204 /* RingTip.swift */,
				FAC046FB290E19FC00C45E7B /* ProgressTextModifier.swift */,
			);
			path = View;
			sourceTree = "<group>";
		};
		FA8BD46D290E0A9800DF4204 /* App */ = {
			isa = PBXGroup;
			children = (
				FA8BD45B290E095A00DF4204 /* ProgressRing2App.swift */,
				FA8BD45D290E095A00DF4204 /* ContentView.swift */,
			);
			path = App;
			sourceTree = "<group>";
		};
/* End PBXGroup section */

/* Begin PBXNativeTarget section */
		FA8BD457290E095A00DF4204 /* ProgressRing2 */ = {
			isa = PBXNativeTarget;
			buildConfigurationList = FA8BD466290E095C00DF4204 /* Build configuration list for PBXNativeTarget "ProgressRing2" */;
			buildPhases = (
				FA8BD454290E095A00DF4204 /* Sources */,
				FA8BD455290E095A00DF4204 /* Frameworks */,
				FA8BD456290E095A00DF4204 /* Resources */,
			);
			buildRules = (
			);
			dependencies = (
			);
			name = ProgressRing2;
			productName = ProgressRing2;
			productReference = FA8BD458290E095A00DF4204 /* ProgressRing2.app */;
			productType = "com.apple.product-type.application";
		};
/* End PBXNativeTarget section */

/* Begin PBXProject section */
		FA8BD450290E095A00DF4204 /* Project object */ = {
			isa = PBXProject;
			attributes = {
				BuildIndependentTargetsInParallel = 1;
				LastSwiftUpdateCheck = 1340;
				LastUpgradeCheck = 1340;
				TargetAttributes = {
					FA8BD457290E095A00DF4204 = {
						CreatedOnToolsVersion = 13.4.1;
					};
				};
			};
			buildConfigurationList = FA8BD453290E095A00DF4204 /* Build configuration list for PBXProject "ProgressRing2" */;
			compatibilityVersion = "Xcode 13.0";
			developmentRegion = en;
			hasScannedForEncodings = 0;
			knownRegions = (
				en,
				Base,
			);
			mainGroup = FA8BD44F290E095A00DF4204;
			productRefGroup = FA8BD459290E095A00DF4204 /* Products */;
			projectDirPath = "";
			projectRoot = "";
			targets = (
				FA8BD457290E095A00DF4204 /* ProgressRing2 */,
			);
		};
/* End PBXProject section */

/* Begin PBXResourcesBuildPhase section */
		FA8BD456290E095A00DF4204 /* Resources */ = {
			isa = PBXResourcesBuildPhase;
			buildActionMask = 2147483647;
			files = (
				FA8BD463290E095C00DF4204 /* Preview Assets.xcassets in Resources */,
				FA8BD460290E095C00DF4204 /* Assets.xcassets in Resources */,
			);
			runOnlyForDeploymentPostprocessing = 0;
		};
/* End PBXResourcesBuildPhase section */

/* Begin PBXSourcesBuildPhase section */
		FA8BD454290E095A00DF4204 /* Sources */ = {
			isa = PBXSourcesBuildPhase;
			buildActionMask = 2147483647;
			files = (
				FAC046FC290E19FC00C45E7B /* ProgressTextModifier.swift in Sources */,
				FA8BD45E290E095A00DF4204 /* ContentView.swift in Sources */,
				FA8BD473290E158C00DF4204 /* RingTip.swift in Sources */,
				FA8BD471290E0B6E00DF4204 /* RingShape.swift in Sources */,
				FA8BD46F290E0AA600DF4204 /* ProgressRingView.swift in Sources */,
				FA8BD45C290E095A00DF4204 /* ProgressRing2App.swift in Sources */,
				FA8BD46B290E09C900DF4204 /* Color+Ext.swift in Sources */,
			);
			runOnlyForDeploymentPostprocessing = 0;
		};
/* End PBXSourcesBuildPhase section */

/* Begin XCBuildConfiguration section */
		FA8BD464290E095C00DF4204 /* Debug */ = {
			isa = XCBuildConfiguration;
			buildSettings = {
				ALWAYS_SEARCH_USER_PATHS = NO;
				CLANG_ANALYZER_NONNULL = YES;
				CLANG_ANALYZER_NUMBER_OBJECT_CONVERSION = YES_AGGRESSIVE;
				CLANG_CXX_LANGUAGE_STANDARD = "gnu++17";
				CLANG_ENABLE_MODULES = YES;
				CLANG_ENABLE_OBJC_ARC = YES;
				CLANG_ENABLE_OBJC_WEAK = YES;
				CLANG_WARN_BLOCK_CAPTURE_AUTORELEASING = YES;
				CLANG_WARN_BOOL_CONVERSION = YES;
				CLANG_WARN_COMMA = YES;
				CLANG_WARN_CONSTANT_CONVERSION = YES;
				CLANG_WARN_DEPRECATED_OBJC_IMPLEMENTATIONS = YES;
				CLANG_WARN_DIRECT_OBJC_ISA_USAGE = YES_ERROR;
				CLANG_WARN_DOCUMENTATION_COMMENTS = YES;
				CLANG_WARN_EMPTY_BODY = YES;
				CLANG_WARN_ENUM_CONVERSION = YES;
				CLANG_WARN_INFINITE_RECURSION = YES;
				CLANG_WARN_INT_CONVERSION = YES;
				CLANG_WARN_NON_LITERAL_NULL_CONVERSION = YES;
				CLANG_WARN_OBJC_IMPLICIT_RETAIN_SELF = YES;
				CLANG_WARN_OBJC_LITERAL_CONVERSION = YES;
				CLANG_WARN_OBJC_ROOT_CLASS = YES_ERROR;
				CLANG_WARN_QUOTED_INCLUDE_IN_FRAMEWORK_HEADER = YES;
				CLANG_WARN_RANGE_LOOP_ANALYSIS = YES;
				CLANG_WARN_STRICT_PROTOTYPES = YES;
				CLANG_WARN_SUSPICIOUS_MOVE = YES;
				CLANG_WARN_UNGUARDED_AVAILABILITY = YES_AGGRESSIVE;
				CLANG_WARN_UNREACHABLE_CODE = YES;
				CLANG_WARN__DUPLICATE_METHOD_MATCH = YES;
				COPY_PHASE_STRIP = NO;
				DEBUG_INFORMATION_FORMAT = dwarf;
				ENABLE_STRICT_OBJC_MSGSEND = YES;
				ENABLE_TESTABILITY = YES;
				GCC_C_LANGUAGE_STANDARD = gnu11;
				GCC_DYNAMIC_NO_PIC = NO;
				GCC_NO_COMMON_BLOCKS = YES;
				GCC_OPTIMIZATION_LEVEL = 0;
				GCC_PREPROCESSOR_DEFINITIONS = (
					"DEBUG=1",
					"$(inherited)",
				);
				GCC_WARN_64_TO_32_BIT_CONVERSION = YES;
				GCC_WARN_ABOUT_RETURN_TYPE = YES_ERROR;
				GCC_WARN_UNDECLARED_SELECTOR = YES;
				GCC_WARN_UNINITIALIZED_AUTOS = YES_AGGRESSIVE;
				GCC_WARN_UNUSED_FUNCTION = YES;
				GCC_WARN_UNUSED_VARIABLE = YES;
				IPHONEOS_DEPLOYMENT_TARGET = 15.5;
				MTL_ENABLE_DEBUG_INFO = INCLUDE_SOURCE;
				MTL_FAST_MATH = YES;
				ONLY_ACTIVE_ARCH = YES;
				SDKROOT = iphoneos;
				SWIFT_ACTIVE_COMPILATION_CONDITIONS = DEBUG;
				SWIFT_OPTIMIZATION_LEVEL = "-Onone";
			};
			name = Debug;
		};
		FA8BD465290E095C00DF4204 /* Release */ = {
			isa = XCBuildConfiguration;
			buildSettings = {
				ALWAYS_SEARCH_USER_PATHS = NO;
				CLANG_ANALYZER_NONNULL = YES;
				CLANG_ANALYZER_NUMBER_OBJECT_CONVERSION = YES_AGGRESSIVE;
				CLANG_CXX_LANGUAGE_STANDARD = "gnu++17";
				CLANG_ENABLE_MODULES = YES;
				CLANG_ENABLE_OBJC_ARC = YES;
				CLANG_ENABLE_OBJC_WEAK = YES;
				CLANG_WARN_BLOCK_CAPTURE_AUTORELEASING = YES;
				CLANG_WARN_BOOL_CONVERSION = YES;
				CLANG_WARN_COMMA = YES;
				CLANG_WARN_CONSTANT_CONVERSION = YES;
				CLANG_WARN_DEPRECATED_OBJC_IMPLEMENTATIONS = YES;
				CLANG_WARN_DIRECT_OBJC_ISA_USAGE = YES_ERROR;
				CLANG_WARN_DOCUMENTATION_COMMENTS = YES;
				CLANG_WARN_EMPTY_BODY = YES;
				CLANG_WARN_ENUM_CONVERSION = YES;
				CLANG_WARN_INFINITE_RECURSION = YES;
				CLANG_WARN_INT_CONVERSION = YES;
				CLANG_WARN_NON_LITERAL_NULL_CONVERSION = YES;
				CLANG_WARN_OBJC_IMPLICIT_RETAIN_SELF = YES;
				CLANG_WARN_OBJC_LITERAL_CONVERSION = YES;
				CLANG_WARN_OBJC_ROOT_CLASS = YES_ERROR;
				CLANG_WARN_QUOTED_INCLUDE_IN_FRAMEWORK_HEADER = YES;
				CLANG_WARN_RANGE_LOOP_ANALYSIS = YES;
				CLANG_WARN_STRICT_PROTOTYPES = YES;
				CLANG_WARN_SUSPICIOUS_MOVE = YES;
				CLANG_WARN_UNGUARDED_AVAILABILITY = YES_AGGRESSIVE;
				CLANG_WARN_UNREACHABLE_CODE = YES;
				CLANG_WARN__DUPLICATE_METHOD_MATCH = YES;
				COPY_PHASE_STRIP = NO;
				DEBUG_INFORMATION_FORMAT = "dwarf-with-dsym";
				ENABLE_NS_ASSERTIONS = NO;
				ENABLE_STRICT_OBJC_MSGSEND = YES;
				GCC_C_LANGUAGE_STANDARD = gnu11;
				GCC_NO_COMMON_BLOCKS = YES;
				GCC_WARN_64_TO_32_BIT_CONVERSION = YES;
				GCC_WARN_ABOUT_RETURN_TYPE = YES_ERROR;
				GCC_WARN_UNDECLARED_SELECTOR = YES;
				GCC_WARN_UNINITIALIZED_AUTOS = YES_AGGRESSIVE;
				GCC_WARN_UNUSED_FUNCTION = YES;
				GCC_WARN_UNUSED_VARIABLE = YES;
				IPHONEOS_DEPLOYMENT_TARGET = 15.5;
				MTL_ENABLE_DEBUG_INFO = NO;
				MTL_FAST_MATH = YES;
				SDKROOT = iphoneos;
				SWIFT_COMPILATION_MODE = wholemodule;
				SWIFT_OPTIMIZATION_LEVEL = "-O";
				VALIDATE_PRODUCT = YES;
			};
			name = Release;
		};
		FA8BD467290E095C00DF4204 /* Debug */ = {
			isa = XCBuildConfiguration;
			buildSettings = {
				ASSETCATALOG_COMPILER_APPICON_NAME = AppIcon;
				ASSETCATALOG_COMPILER_GLOBAL_ACCENT_COLOR_NAME = AccentColor;
				CODE_SIGN_STYLE = Automatic;
				CURRENT_PROJECT_VERSION = 1;
				DEVELOPMENT_ASSET_PATHS = "\"ProgressRing2/Preview Content\"";
				DEVELOPMENT_TEAM = DW2V8GYWZB;
				ENABLE_PREVIEWS = YES;
				GENERATE_INFOPLIST_FILE = YES;
				INFOPLIST_KEY_UIApplicationSceneManifest_Generation = YES;
				INFOPLIST_KEY_UIApplicationSupportsIndirectInputEvents = YES;
				INFOPLIST_KEY_UILaunchScreen_Generation = YES;
				INFOPLIST_KEY_UISupportedInterfaceOrientations_iPad = "UIInterfaceOrientationPortrait UIInterfaceOrientationPortraitUpsideDown UIInterfaceOrientationLandscapeLeft UIInterfaceOrientationLandscapeRight";
				INFOPLIST_KEY_UISupportedInterfaceOrientations_iPhone = "UIInterfaceOrientationPortrait UIInterfaceOrientationLandscapeLeft UIInterfaceOrientationLandscapeRight";
				LD_RUNPATH_SEARCH_PATHS = (
					"$(inherited)",
					"@executable_path/Frameworks",
				);
				MARKETING_VERSION = 1.0;
				PRODUCT_BUNDLE_IDENTIFIER = com.alex.ProgressRing2;
				PRODUCT_NAME = "$(TARGET_NAME)";
				SWIFT_EMIT_LOC_STRINGS = YES;
				SWIFT_VERSION = 5.0;
				TARGETED_DEVICE_FAMILY = "1,2";
			};
			name = Debug;
		};
		FA8BD468290E095C00DF4204 /* Release */ = {
			isa = XCBuildConfiguration;
			buildSettings = {
				ASSETCATALOG_COMPILER_APPICON_NAME = AppIcon;
				ASSETCATALOG_COMPILER_GLOBAL_ACCENT_COLOR_NAME = AccentColor;
				CODE_SIGN_STYLE = Automatic;
				CURRENT_PROJECT_VERSION = 1;
				DEVELOPMENT_ASSET_PATHS = "\"ProgressRing2/Preview Content\"";
				DEVELOPMENT_TEAM = DW2V8GYWZB;
				ENABLE_PREVIEWS = YES;
				GENERATE_INFOPLIST_FILE = YES;
				INFOPLIST_KEY_UIApplicationSceneManifest_Generation = YES;
				INFOPLIST_KEY_UIApplicationSupportsIndirectInputEvents = YES;
				INFOPLIST_KEY_UILaunchScreen_Generation = YES;
				INFOPLIST_KEY_UISupportedInterfaceOrientations_iPad = "UIInterfaceOrientationPortrait UIInterfaceOrientationPortraitUpsideDown UIInterfaceOrientationLandscapeLeft UIInterfaceOrientationLandscapeRight";
				INFOPLIST_KEY_UISupportedInterfaceOrientations_iPhone = "UIInterfaceOrientationPortrait UIInterfaceOrientationLandscapeLeft UIInterfaceOrientationLandscapeRight";
				LD_RUNPATH_SEARCH_PATHS = (
					"$(inherited)",
					"@executable_path/Frameworks",
				);
				MARKETING_VERSION = 1.0;
				PRODUCT_BUNDLE_IDENTIFIER = com.alex.ProgressRing2;
				PRODUCT_NAME = "$(TARGET_NAME)";
				SWIFT_EMIT_LOC_STRINGS = YES;
				SWIFT_VERSION = 5.0;
				TARGETED_DEVICE_FAMILY = "1,2";
			};
			name = Release;
		};
/* End XCBuildConfiguration section */

/* Begin XCConfigurationList section */
		FA8BD453290E095A00DF4204 /* Build configuration list for PBXProject "ProgressRing2" */ = {
			isa = XCConfigurationList;
			buildConfigurations = (
				FA8BD464290E095C00DF4204 /* Debug */,
				FA8BD465290E095C00DF4204 /* Release */,
			);
			defaultConfigurationIsVisible = 0;
			defaultConfigurationName = Release;
		};
		FA8BD466290E095C00DF4204 /* Build configuration list for PBXNativeTarget "ProgressRing2" */ = {
			isa = XCConfigurationList;
			buildConfigurations = (
				FA8BD467290E095C00DF4204 /* Debug */,
				FA8BD468290E095C00DF4204 /* Release */,
			);
			defaultConfigurationIsVisible = 0;
			defaultConfigurationName = Release;
		};
/* End XCConfigurationList section */
	};
	rootObject = FA8BD450290E095A00DF4204 /* Project object */;
}
