// !$*UTF8*$!
{
	archiveVersion = 1;
	classes = {
	};
	objectVersion = 55;
	objects = {

/* Begin PBXBuildFile section */
		FA1A858828F7F6440021474D /* FoodPinApp.swift in Sources */ = {isa = PBXBuildFile; fileRef = FA1A858728F7F6440021474D /* FoodPinApp.swift */; };
		FA1A858A28F7F6440021474D /* RestaurantListView.swift in Sources */ = {isa = PBXBuildFile; fileRef = FA1A858928F7F6440021474D /* RestaurantListView.swift */; };
		FA1A858C28F7F6460021474D /* Assets.xcassets in Resources */ = {isa = PBXBuildFile; fileRef = FA1A858B28F7F6460021474D /* Assets.xcassets */; };
		FA1A858F28F7F6460021474D /* Preview Assets.xcassets in Resources */ = {isa = PBXBuildFile; fileRef = FA1A858E28F7F6460021474D /* Preview Assets.xcassets */; };
		FA86529D28F8EBE400C49827 /* Restaurant.swift in Sources */ = {isa = PBXBuildFile; fileRef = FA86529C28F8EBE400C49827 /* Restaurant.swift */; };
		FA8652A028F8F36500C49827 /* ActivityView.swift in Sources */ = {isa = PBXBuildFile; fileRef = FA86529F28F8F36500C49827 /* ActivityView.swift */; };
		FA8652A228F8FE2B00C49827 /* RestaurantDetailView.swift in Sources */ = {isa = PBXBuildFile; fileRef = FA8652A128F8FE2B00C49827 /* RestaurantDetailView.swift */; };
		FA8652A728F92D0F00C49827 /* Nunito-Bold.ttf in Resources */ = {isa = PBXBuildFile; fileRef = FA8652A528F92D0F00C49827 /* Nunito-Bold.ttf */; };
		FA8652A828F92D0F00C49827 /* Nunito-Regular.ttf in Resources */ = {isa = PBXBuildFile; fileRef = FA8652A628F92D0F00C49827 /* Nunito-Regular.ttf */; };
/* End PBXBuildFile section */

/* Begin PBXFileReference section */
		FA1A858428F7F6440021474D /* FoodPin.app */ = {isa = PBXFileReference; explicitFileType = wrapper.application; includeInIndex = 0; path = FoodPin.app; sourceTree = BUILT_PRODUCTS_DIR; };
		FA1A858728F7F6440021474D /* FoodPinApp.swift */ = {isa = PBXFileReference; lastKnownFileType = sourcecode.swift; path = FoodPinApp.swift; sourceTree = "<group>"; };
		FA1A858928F7F6440021474D /* RestaurantListView.swift */ = {isa = PBXFileReference; lastKnownFileType = sourcecode.swift; path = RestaurantListView.swift; sourceTree = "<group>"; };
		FA1A858B28F7F6460021474D /* Assets.xcassets */ = {isa = PBXFileReference; lastKnownFileType = folder.assetcatalog; path = Assets.xcassets; sourceTree = "<group>"; };
		FA1A858E28F7F6460021474D /* Preview Assets.xcassets */ = {isa = PBXFileReference; lastKnownFileType = folder.assetcatalog; path = "Preview Assets.xcassets"; sourceTree = "<group>"; };
		FA86529C28F8EBE400C49827 /* Restaurant.swift */ = {isa = PBXFileReference; lastKnownFileType = sourcecode.swift; path = Restaurant.swift; sourceTree = "<group>"; };
		FA86529F28F8F36500C49827 /* ActivityView.swift */ = {isa = PBXFileReference; lastKnownFileType = sourcecode.swift; path = ActivityView.swift; sourceTree = "<group>"; };
		FA8652A128F8FE2B00C49827 /* RestaurantDetailView.swift */ = {isa = PBXFileReference; lastKnownFileType = sourcecode.swift; path = RestaurantDetailView.swift; sourceTree = "<group>"; };
		FA8652A528F92D0F00C49827 /* Nunito-Bold.ttf */ = {isa = PBXFileReference; lastKnownFileType = file; path = "Nunito-Bold.ttf"; sourceTree = "<group>"; };
		FA8652A628F92D0F00C49827 /* Nunito-Regular.ttf */ = {isa = PBXFileReference; lastKnownFileType = file; path = "Nunito-Regular.ttf"; sourceTree = "<group>"; };
		FA8652A928F92DEA00C49827 /* Info.plist */ = {isa = PBXFileReference; lastKnownFileType = text.plist; path = Info.plist; sourceTree = "<group>"; };
/* End PBXFileReference section */

/* Begin PBXFrameworksBuildPhase section */
		FA1A858128F7F6440021474D /* Frameworks */ = {
			isa = PBXFrameworksBuildPhase;
			buildActionMask = 2147483647;
			files = (
			);
			runOnlyForDeploymentPostprocessing = 0;
		};
/* End PBXFrameworksBuildPhase section */

/* Begin PBXGroup section */
		FA1A857B28F7F6440021474D = {
			isa = PBXGroup;
			children = (
				FA1A858628F7F6440021474D /* FoodPin */,
				FA1A858528F7F6440021474D /* Products */,
			);
			sourceTree = "<group>";
		};
		FA1A858528F7F6440021474D /* Products */ = {
			isa = PBXGroup;
			children = (
				FA1A858428F7F6440021474D /* FoodPin.app */,
			);
			name = Products;
			sourceTree = "<group>";
		};
		FA1A858628F7F6440021474D /* FoodPin */ = {
			isa = PBXGroup;
			children = (
				FA8652A928F92DEA00C49827 /* Info.plist */,
				FA8652A328F92C6400C49827 /* Resources */,
				FA86529B28F8EBCD00C49827 /* Model */,
				FA86529E28F8EE7E00C49827 /* App */,
				FA1A858B28F7F6460021474D /* Assets.xcassets */,
				FA1A858D28F7F6460021474D /* Preview Content */,
			);
			path = FoodPin;
			sourceTree = "<group>";
		};
		FA1A858D28F7F6460021474D /* Preview Content */ = {
			isa = PBXGroup;
			children = (
				FA1A858E28F7F6460021474D /* Preview Assets.xcassets */,
			);
			path = "Preview Content";
			sourceTree = "<group>";
		};
		FA86529B28F8EBCD00C49827 /* Model */ = {
			isa = PBXGroup;
			children = (
				FA86529C28F8EBE400C49827 /* Restaurant.swift */,
			);
			path = Model;
			sourceTree = "<group>";
		};
		FA86529E28F8EE7E00C49827 /* App */ = {
			isa = PBXGroup;
			children = (
				FA1A858728F7F6440021474D /* FoodPinApp.swift */,
				FA1A858928F7F6440021474D /* RestaurantListView.swift */,
				FA86529F28F8F36500C49827 /* ActivityView.swift */,
				FA8652A128F8FE2B00C49827 /* RestaurantDetailView.swift */,
			);
			path = App;
			sourceTree = "<group>";
		};
		FA8652A328F92C6400C49827 /* Resources */ = {
			isa = PBXGroup;
			children = (
				FA8652A428F92C7700C49827 /* Fonts */,
			);
			path = Resources;
			sourceTree = "<group>";
		};
		FA8652A428F92C7700C49827 /* Fonts */ = {
			isa = PBXGroup;
			children = (
				FA8652A528F92D0F00C49827 /* Nunito-Bold.ttf */,
				FA8652A628F92D0F00C49827 /* Nunito-Regular.ttf */,
			);
			path = Fonts;
			sourceTree = "<group>";
		};
/* End PBXGroup section */

/* Begin PBXNativeTarget section */
		FA1A858328F7F6440021474D /* FoodPin */ = {
			isa = PBXNativeTarget;
			buildConfigurationList = FA1A859228F7F6460021474D /* Build configuration list for PBXNativeTarget "FoodPin" */;
			buildPhases = (
				FA1A858028F7F6440021474D /* Sources */,
				FA1A858128F7F6440021474D /* Frameworks */,
				FA1A858228F7F6440021474D /* Resources */,
			);
			buildRules = (
			);
			dependencies = (
			);
			name = FoodPin;
			productName = FoodPin;
			productReference = FA1A858428F7F6440021474D /* FoodPin.app */;
			productType = "com.apple.product-type.application";
		};
/* End PBXNativeTarget section */

/* Begin PBXProject section */
		FA1A857C28F7F6440021474D /* Project object */ = {
			isa = PBXProject;
			attributes = {
				BuildIndependentTargetsInParallel = 1;
				LastSwiftUpdateCheck = 1340;
				LastUpgradeCheck = 1340;
				TargetAttributes = {
					FA1A858328F7F6440021474D = {
						CreatedOnToolsVersion = 13.4.1;
					};
				};
			};
			buildConfigurationList = FA1A857F28F7F6440021474D /* Build configuration list for PBXProject "FoodPin" */;
			compatibilityVersion = "Xcode 13.0";
			developmentRegion = en;
			hasScannedForEncodings = 0;
			knownRegions = (
				en,
				Base,
			);
			mainGroup = FA1A857B28F7F6440021474D;
			productRefGroup = FA1A858528F7F6440021474D /* Products */;
			projectDirPath = "";
			projectRoot = "";
			targets = (
				FA1A858328F7F6440021474D /* FoodPin */,
			);
		};
/* End PBXProject section */

/* Begin PBXResourcesBuildPhase section */
		FA1A858228F7F6440021474D /* Resources */ = {
			isa = PBXResourcesBuildPhase;
			buildActionMask = 2147483647;
			files = (
				FA1A858F28F7F6460021474D /* Preview Assets.xcassets in Resources */,
				FA8652A728F92D0F00C49827 /* Nunito-Bold.ttf in Resources */,
				FA8652A828F92D0F00C49827 /* Nunito-Regular.ttf in Resources */,
				FA1A858C28F7F6460021474D /* Assets.xcassets in Resources */,
			);
			runOnlyForDeploymentPostprocessing = 0;
		};
/* End PBXResourcesBuildPhase section */

/* Begin PBXSourcesBuildPhase section */
		FA1A858028F7F6440021474D /* Sources */ = {
			isa = PBXSourcesBuildPhase;
			buildActionMask = 2147483647;
			files = (
				FA1A858A28F7F6440021474D /* RestaurantListView.swift in Sources */,
				FA8652A228F8FE2B00C49827 /* RestaurantDetailView.swift in Sources */,
				FA8652A028F8F36500C49827 /* ActivityView.swift in Sources */,
				FA1A858828F7F6440021474D /* FoodPinApp.swift in Sources */,
				FA86529D28F8EBE400C49827 /* Restaurant.swift in Sources */,
			);
			runOnlyForDeploymentPostprocessing = 0;
		};
/* End PBXSourcesBuildPhase section */

/* Begin XCBuildConfiguration section */
		FA1A859028F7F6460021474D /* Debug */ = {
			isa = XCBuildConfiguration;
			buildSettings = {
				ALWAYS_SEARCH_USER_PATHS = NO;
				CLANG_ANALYZER_NONNULL = YES;
				CLANG_ANALYZER_NUMBER_OBJECT_CONVERSION = YES_AGGRESSIVE;
				CLANG_CXX_LANGUAGE_STANDARD = "gnu++17";
				CLANG_ENABLE_MODULES = YES;
				CLANG_ENABLE_OBJC_ARC = YES;
				CLANG_ENABLE_OBJC_WEAK = YES;
				CLANG_WARN_BLOCK_CAPTURE_AUTORELEASING = YES;
				CLANG_WARN_BOOL_CONVERSION = YES;
				CLANG_WARN_COMMA = YES;
				CLANG_WARN_CONSTANT_CONVERSION = YES;
				CLANG_WARN_DEPRECATED_OBJC_IMPLEMENTATIONS = YES;
				CLANG_WARN_DIRECT_OBJC_ISA_USAGE = YES_ERROR;
				CLANG_WARN_DOCUMENTATION_COMMENTS = YES;
				CLANG_WARN_EMPTY_BODY = YES;
				CLANG_WARN_ENUM_CONVERSION = YES;
				CLANG_WARN_INFINITE_RECURSION = YES;
				CLANG_WARN_INT_CONVERSION = YES;
				CLANG_WARN_NON_LITERAL_NULL_CONVERSION = YES;
				CLANG_WARN_OBJC_IMPLICIT_RETAIN_SELF = YES;
				CLANG_WARN_OBJC_LITERAL_CONVERSION = YES;
				CLANG_WARN_OBJC_ROOT_CLASS = YES_ERROR;
				CLANG_WARN_QUOTED_INCLUDE_IN_FRAMEWORK_HEADER = YES;
				CLANG_WARN_RANGE_LOOP_ANALYSIS = YES;
				CLANG_WARN_STRICT_PROTOTYPES = YES;
				CLANG_WARN_SUSPICIOUS_MOVE = YES;
				CLANG_WARN_UNGUARDED_AVAILABILITY = YES_AGGRESSIVE;
				CLANG_WARN_UNREACHABLE_CODE = YES;
				CLANG_WARN__DUPLICATE_METHOD_MATCH = YES;
				COPY_PHASE_STRIP = NO;
				DEBUG_INFORMATION_FORMAT = dwarf;
				ENABLE_STRICT_OBJC_MSGSEND = YES;
				ENABLE_TESTABILITY = YES;
				GCC_C_LANGUAGE_STANDARD = gnu11;
				GCC_DYNAMIC_NO_PIC = NO;
				GCC_NO_COMMON_BLOCKS = YES;
				GCC_OPTIMIZATION_LEVEL = 0;
				GCC_PREPROCESSOR_DEFINITIONS = (
					"DEBUG=1",
					"$(inherited)",
				);
				GCC_WARN_64_TO_32_BIT_CONVERSION = YES;
				GCC_WARN_ABOUT_RETURN_TYPE = YES_ERROR;
				GCC_WARN_UNDECLARED_SELECTOR = YES;
				GCC_WARN_UNINITIALIZED_AUTOS = YES_AGGRESSIVE;
				GCC_WARN_UNUSED_FUNCTION = YES;
				GCC_WARN_UNUSED_VARIABLE = YES;
				IPHONEOS_DEPLOYMENT_TARGET = 15.5;
				MTL_ENABLE_DEBUG_INFO = INCLUDE_SOURCE;
				MTL_FAST_MATH = YES;
				ONLY_ACTIVE_ARCH = YES;
				SDKROOT = iphoneos;
				SWIFT_ACTIVE_COMPILATION_CONDITIONS = DEBUG;
				SWIFT_OPTIMIZATION_LEVEL = "-Onone";
			};
			name = Debug;
		};
		FA1A859128F7F6460021474D /* Release */ = {
			isa = XCBuildConfiguration;
			buildSettings = {
				ALWAYS_SEARCH_USER_PATHS = NO;
				CLANG_ANALYZER_NONNULL = YES;
				CLANG_ANALYZER_NUMBER_OBJECT_CONVERSION = YES_AGGRESSIVE;
				CLANG_CXX_LANGUAGE_STANDARD = "gnu++17";
				CLANG_ENABLE_MODULES = YES;
				CLANG_ENABLE_OBJC_ARC = YES;
				CLANG_ENABLE_OBJC_WEAK = YES;
				CLANG_WARN_BLOCK_CAPTURE_AUTORELEASING = YES;
				CLANG_WARN_BOOL_CONVERSION = YES;
				CLANG_WARN_COMMA = YES;
				CLANG_WARN_CONSTANT_CONVERSION = YES;
				CLANG_WARN_DEPRECATED_OBJC_IMPLEMENTATIONS = YES;
				CLANG_WARN_DIRECT_OBJC_ISA_USAGE = YES_ERROR;
				CLANG_WARN_DOCUMENTATION_COMMENTS = YES;
				CLANG_WARN_EMPTY_BODY = YES;
				CLANG_WARN_ENUM_CONVERSION = YES;
				CLANG_WARN_INFINITE_RECURSION = YES;
				CLANG_WARN_INT_CONVERSION = YES;
				CLANG_WARN_NON_LITERAL_NULL_CONVERSION = YES;
				CLANG_WARN_OBJC_IMPLICIT_RETAIN_SELF = YES;
				CLANG_WARN_OBJC_LITERAL_CONVERSION = YES;
				CLANG_WARN_OBJC_ROOT_CLASS = YES_ERROR;
				CLANG_WARN_QUOTED_INCLUDE_IN_FRAMEWORK_HEADER = YES;
				CLANG_WARN_RANGE_LOOP_ANALYSIS = YES;
				CLANG_WARN_STRICT_PROTOTYPES = YES;
				CLANG_WARN_SUSPICIOUS_MOVE = YES;
				CLANG_WARN_UNGUARDED_AVAILABILITY = YES_AGGRESSIVE;
				CLANG_WARN_UNREACHABLE_CODE = YES;
				CLANG_WARN__DUPLICATE_METHOD_MATCH = YES;
				COPY_PHASE_STRIP = NO;
				DEBUG_INFORMATION_FORMAT = "dwarf-with-dsym";
				ENABLE_NS_ASSERTIONS = NO;
				ENABLE_STRICT_OBJC_MSGSEND = YES;
				GCC_C_LANGUAGE_STANDARD = gnu11;
				GCC_NO_COMMON_BLOCKS = YES;
				GCC_WARN_64_TO_32_BIT_CONVERSION = YES;
				GCC_WARN_ABOUT_RETURN_TYPE = YES_ERROR;
				GCC_WARN_UNDECLARED_SELECTOR = YES;
				GCC_WARN_UNINITIALIZED_AUTOS = YES_AGGRESSIVE;
				GCC_WARN_UNUSED_FUNCTION = YES;
				GCC_WARN_UNUSED_VARIABLE = YES;
				IPHONEOS_DEPLOYMENT_TARGET = 15.5;
				MTL_ENABLE_DEBUG_INFO = NO;
				MTL_FAST_MATH = YES;
				SDKROOT = iphoneos;
				SWIFT_COMPILATION_MODE = wholemodule;
				SWIFT_OPTIMIZATION_LEVEL = "-O";
				VALIDATE_PRODUCT = YES;
			};
			name = Release;
		};
		FA1A859328F7F6460021474D /* Debug */ = {
			isa = XCBuildConfiguration;
			buildSettings = {
				ASSETCATALOG_COMPILER_APPICON_NAME = AppIcon;
				ASSETCATALOG_COMPILER_GLOBAL_ACCENT_COLOR_NAME = AccentColor;
				CODE_SIGN_STYLE = Automatic;
				CURRENT_PROJECT_VERSION = 1;
				DEVELOPMENT_ASSET_PATHS = "\"FoodPin/Preview Content\"";
				DEVELOPMENT_TEAM = DW2V8GYWZB;
				ENABLE_PREVIEWS = YES;
				GENERATE_INFOPLIST_FILE = YES;
				INFOPLIST_FILE = FoodPin/Info.plist;
				INFOPLIST_KEY_UIApplicationSceneManifest_Generation = YES;
				INFOPLIST_KEY_UIApplicationSupportsIndirectInputEvents = YES;
				INFOPLIST_KEY_UILaunchScreen_Generation = YES;
				INFOPLIST_KEY_UISupportedInterfaceOrientations_iPad = "UIInterfaceOrientationPortrait UIInterfaceOrientationPortraitUpsideDown UIInterfaceOrientationLandscapeLeft UIInterfaceOrientationLandscapeRight";
				INFOPLIST_KEY_UISupportedInterfaceOrientations_iPhone = "UIInterfaceOrientationPortrait UIInterfaceOrientationLandscapeLeft UIInterfaceOrientationLandscapeRight";
				LD_RUNPATH_SEARCH_PATHS = (
					"$(inherited)",
					"@executable_path/Frameworks",
				);
				MARKETING_VERSION = 1.0;
				PRODUCT_BUNDLE_IDENTIFIER = com.alex.FoodPin;
				PRODUCT_NAME = "$(TARGET_NAME)";
				SWIFT_EMIT_LOC_STRINGS = YES;
				SWIFT_VERSION = 5.0;
				TARGETED_DEVICE_FAMILY = "1,2";
			};
			name = Debug;
		};
		FA1A859428F7F6460021474D /* Release */ = {
			isa = XCBuildConfiguration;
			buildSettings = {
				ASSETCATALOG_COMPILER_APPICON_NAME = AppIcon;
				ASSETCATALOG_COMPILER_GLOBAL_ACCENT_COLOR_NAME = AccentColor;
				CODE_SIGN_STYLE = Automatic;
				CURRENT_PROJECT_VERSION = 1;
				DEVELOPMENT_ASSET_PATHS = "\"FoodPin/Preview Content\"";
				DEVELOPMENT_TEAM = DW2V8GYWZB;
				ENABLE_PREVIEWS = YES;
				GENERATE_INFOPLIST_FILE = YES;
				INFOPLIST_FILE = FoodPin/Info.plist;
				INFOPLIST_KEY_UIApplicationSceneManifest_Generation = YES;
				INFOPLIST_KEY_UIApplicationSupportsIndirectInputEvents = YES;
				INFOPLIST_KEY_UILaunchScreen_Generation = YES;
				INFOPLIST_KEY_UISupportedInterfaceOrientations_iPad = "UIInterfaceOrientationPortrait UIInterfaceOrientationPortraitUpsideDown UIInterfaceOrientationLandscapeLeft UIInterfaceOrientationLandscapeRight";
				INFOPLIST_KEY_UISupportedInterfaceOrientations_iPhone = "UIInterfaceOrientationPortrait UIInterfaceOrientationLandscapeLeft UIInterfaceOrientationLandscapeRight";
				LD_RUNPATH_SEARCH_PATHS = (
					"$(inherited)",
					"@executable_path/Frameworks",
				);
				MARKETING_VERSION = 1.0;
				PRODUCT_BUNDLE_IDENTIFIER = com.alex.FoodPin;
				PRODUCT_NAME = "$(TARGET_NAME)";
				SWIFT_EMIT_LOC_STRINGS = YES;
				SWIFT_VERSION = 5.0;
				TARGETED_DEVICE_FAMILY = "1,2";
			};
			name = Release;
		};
/* End XCBuildConfiguration section */

/* Begin XCConfigurationList section */
		FA1A857F28F7F6440021474D /* Build configuration list for PBXProject "FoodPin" */ = {
			isa = XCConfigurationList;
			buildConfigurations = (
				FA1A859028F7F6460021474D /* Debug */,
				FA1A859128F7F6460021474D /* Release */,
			);
			defaultConfigurationIsVisible = 0;
			defaultConfigurationName = Release;
		};
		FA1A859228F7F6460021474D /* Build configuration list for PBXNativeTarget "FoodPin" */ = {
			isa = XCConfigurationList;
			buildConfigurations = (
				FA1A859328F7F6460021474D /* Debug */,
				FA1A859428F7F6460021474D /* Release */,
			);
			defaultConfigurationIsVisible = 0;
			defaultConfigurationName = Release;
		};
/* End XCConfigurationList section */
	};
	rootObject = FA1A857C28F7F6440021474D /* Project object */;
}
